
Microsoft Visual Studio Solution File, Format Version 12.00
# Visual Studio 2012
Project("{FAE04EC0-301F-11D3-BF4B-00C04F79EFBC}") = "MVC_Controller", "MVC_Controller\MVC_Controller.csproj", "{CA6DB406-CF11-4ABD-8E3C-98E4270DF0FD}"
EndProject
Global
	GlobalSection(SolutionConfigurationPlatforms) = preSolution
		Debug|Any CPU = Debug|Any CPU
		Release|Any CPU = Release|Any CPU
	EndGlobalSection
	GlobalSection(ProjectConfigurationPlatforms) = postSolution
		{CA6DB406-CF11-4ABD-8E3C-98E4270DF0FD}.Debug|Any CPU.ActiveCfg = Debug|Any CPU
		{CA6DB406-CF11-4ABD-8E3C-98E4270DF0FD}.Debug|Any CPU.Build.0 = Debug|Any CPU
		{CA6DB406-CF11-4ABD-8E3C-98E4270DF0FD}.Release|Any CPU.ActiveCfg = Release|Any CPU
		{CA6DB406-CF11-4ABD-8E3C-98E4270DF0FD}.Release|Any CPU.Build.0 = Release|Any CPU
	EndGlobalSection
	GlobalSection(SolutionProperties) = preSolution
		HideSolutionNode = FALSE
	EndGlobalSection
EndGlobal
